
Microsoft Visual Studio Solution File, Format Version 12.00
# Visual Studio Version 17
VisualStudioVersion = 17.11.35327.3
MinimumVisualStudioVersion = 10.0.40219.1
Project("{9A19103F-16F7-4668-BE54-9A1E7A4F7556}") = "AI.Facial.Emotion", "AI.Facial.Emotion\AI.Facial.Emotion.csproj", "{3ED95A72-1B80-457A-8EB7-FFD6A9FF6A6F}"
EndProject
Project("{FAE04EC0-301F-11D3-BF4B-00C04F79EFBC}") = "Sample.WindowsApp", "Samples\WindowsApp\Sample.WindowsApp.csproj", "{3C60356F-32D3-4ECE-B31A-2FDFC1AA10FF}"
EndProject
Project("{FAE04EC0-301F-11D3-BF4B-00C04F79EFBC}") = "Sample.gRPC.Client", "Samples\WebApp\Sample.gRPC.Client\Sample.gRPC.Client.csproj", "{4EC5D961-A5E0-4CA4-982E-5ADDF7FF794B}"
EndProject
Project("{FAE04EC0-301F-11D3-BF4B-00C04F79EFBC}") = "Sample.gRPC.Server", "Samples\WebApp\Sample.gRPC.Server\Sample.gRPC.Server.csproj", "{42D63B2A-1E91-46DA-B877-5EBF36932BF0}"
EndProject
Project("{2150E333-8FDC-42A3-9474-1A3956D46DE8}") = "Samples", "Samples", "{02EA681E-C7D8-13C7-8484-4AC65E1B71E8}"
EndProject
Project("{2150E333-8FDC-42A3-9474-1A3956D46DE8}") = "WindowsApp", "WindowsApp", "{A9F107B7-92F7-4686-B021-C1BF753AD1EE}"
EndProject
Project("{2150E333-8FDC-42A3-9474-1A3956D46DE8}") = "WebApp", "WebApp", "{97C80AE1-3949-41D0-8D0B-6CF13E912080}"
EndProject
Project("{2150E333-8FDC-42A3-9474-1A3956D46DE8}") = "Server", "Server", "{45871A0E-859A-43B1-ACDD-BB5A13C0684E}"
EndProject
Project("{2150E333-8FDC-42A3-9474-1A3956D46DE8}") = "Client", "Client", "{188A7E15-2740-4C90-826D-099A2F783708}"
EndProject
Global
	GlobalSection(SolutionConfigurationPlatforms) = preSolution
		Debug|Any CPU = Debug|Any CPU
		Debug|x64 = Debug|x64
		Release|Any CPU = Release|Any CPU
		Release|x64 = Release|x64
	EndGlobalSection
	GlobalSection(ProjectConfigurationPlatforms) = postSolution
		{3ED95A72-1B80-457A-8EB7-FFD6A9FF6A6F}.Debug|Any CPU.ActiveCfg = Debug|Any CPU
		{3ED95A72-1B80-457A-8EB7-FFD6A9FF6A6F}.Debug|Any CPU.Build.0 = Debug|Any CPU
		{3ED95A72-1B80-457A-8EB7-FFD6A9FF6A6F}.Debug|x64.ActiveCfg = Debug|Any CPU
		{3ED95A72-1B80-457A-8EB7-FFD6A9FF6A6F}.Debug|x64.Build.0 = Debug|Any CPU
		{3ED95A72-1B80-457A-8EB7-FFD6A9FF6A6F}.Release|Any CPU.ActiveCfg = Release|Any CPU
		{3ED95A72-1B80-457A-8EB7-FFD6A9FF6A6F}.Release|Any CPU.Build.0 = Release|Any CPU
		{3ED95A72-1B80-457A-8EB7-FFD6A9FF6A6F}.Release|x64.ActiveCfg = Release|Any CPU
		{3ED95A72-1B80-457A-8EB7-FFD6A9FF6A6F}.Release|x64.Build.0 = Release|Any CPU
		{3C60356F-32D3-4ECE-B31A-2FDFC1AA10FF}.Debug|Any CPU.ActiveCfg = Debug|Any CPU
		{3C60356F-32D3-4ECE-B31A-2FDFC1AA10FF}.Debug|Any CPU.Build.0 = Debug|Any CPU
		{3C60356F-32D3-4ECE-B31A-2FDFC1AA10FF}.Debug|x64.ActiveCfg = Debug|Any CPU
		{3C60356F-32D3-4ECE-B31A-2FDFC1AA10FF}.Debug|x64.Build.0 = Debug|Any CPU
		{3C60356F-32D3-4ECE-B31A-2FDFC1AA10FF}.Release|Any CPU.ActiveCfg = Release|Any CPU
		{3C60356F-32D3-4ECE-B31A-2FDFC1AA10FF}.Release|Any CPU.Build.0 = Release|Any CPU
		{3C60356F-32D3-4ECE-B31A-2FDFC1AA10FF}.Release|x64.ActiveCfg = Release|Any CPU
		{3C60356F-32D3-4ECE-B31A-2FDFC1AA10FF}.Release|x64.Build.0 = Release|Any CPU
		{4EC5D961-A5E0-4CA4-982E-5ADDF7FF794B}.Debug|Any CPU.ActiveCfg = Debug|Any CPU
		{4EC5D961-A5E0-4CA4-982E-5ADDF7FF794B}.Debug|Any CPU.Build.0 = Debug|Any CPU
		{4EC5D961-A5E0-4CA4-982E-5ADDF7FF794B}.Debug|x64.ActiveCfg = Debug|x64
		{4EC5D961-A5E0-4CA4-982E-5ADDF7FF794B}.Debug|x64.Build.0 = Debug|x64
		{4EC5D961-A5E0-4CA4-982E-5ADDF7FF794B}.Release|Any CPU.ActiveCfg = Release|Any CPU
		{4EC5D961-A5E0-4CA4-982E-5ADDF7FF794B}.Release|Any CPU.Build.0 = Release|Any CPU
		{4EC5D961-A5E0-4CA4-982E-5ADDF7FF794B}.Release|x64.ActiveCfg = Release|x64
		{4EC5D961-A5E0-4CA4-982E-5ADDF7FF794B}.Release|x64.Build.0 = Release|x64
		{42D63B2A-1E91-46DA-B877-5EBF36932BF0}.Debug|Any CPU.ActiveCfg = Debug|Any CPU
		{42D63B2A-1E91-46DA-B877-5EBF36932BF0}.Debug|Any CPU.Build.0 = Debug|Any CPU
		{42D63B2A-1E91-46DA-B877-5EBF36932BF0}.Debug|x64.ActiveCfg = Debug|Any CPU
		{42D63B2A-1E91-46DA-B877-5EBF36932BF0}.Debug|x64.Build.0 = Debug|Any CPU
		{42D63B2A-1E91-46DA-B877-5EBF36932BF0}.Release|Any CPU.ActiveCfg = Release|Any CPU
		{42D63B2A-1E91-46DA-B877-5EBF36932BF0}.Release|Any CPU.Build.0 = Release|Any CPU
		{42D63B2A-1E91-46DA-B877-5EBF36932BF0}.Release|x64.ActiveCfg = Release|Any CPU
		{42D63B2A-1E91-46DA-B877-5EBF36932BF0}.Release|x64.Build.0 = Release|Any CPU
	EndGlobalSection
	GlobalSection(SolutionProperties) = preSolution
		HideSolutionNode = FALSE
	EndGlobalSection
	GlobalSection(NestedProjects) = preSolution
		{3C60356F-32D3-4ECE-B31A-2FDFC1AA10FF} = {A9F107B7-92F7-4686-B021-C1BF753AD1EE}
		{4EC5D961-A5E0-4CA4-982E-5ADDF7FF794B} = {188A7E15-2740-4C90-826D-099A2F783708}
		{42D63B2A-1E91-46DA-B877-5EBF36932BF0} = {45871A0E-859A-43B1-ACDD-BB5A13C0684E}
		{A9F107B7-92F7-4686-B021-C1BF753AD1EE} = {02EA681E-C7D8-13C7-8484-4AC65E1B71E8}
		{97C80AE1-3949-41D0-8D0B-6CF13E912080} = {02EA681E-C7D8-13C7-8484-4AC65E1B71E8}
		{45871A0E-859A-43B1-ACDD-BB5A13C0684E} = {97C80AE1-3949-41D0-8D0B-6CF13E912080}
		{188A7E15-2740-4C90-826D-099A2F783708} = {97C80AE1-3949-41D0-8D0B-6CF13E912080}
	EndGlobalSection
	GlobalSection(ExtensibilityGlobals) = postSolution
		SolutionGuid = {67E1BB9A-131C-4BF5-A32E-58A7B719DE51}
	EndGlobalSection
EndGlobal
